
Microsoft Visual Studio Solution File, Format Version 12.00
# Visual Studio 2013
VisualStudioVersion = 12.0.30110.0
MinimumVisualStudioVersion = 10.0.40219.1
Project("{FAE04EC0-301F-11D3-BF4B-00C04F79EFBC}") = "LabRulesClient", "LabRules\LabRulesClient.csproj", "{FE5BD001-7551-41A8-9995-15F4F2A57F82}"
EndProject
Project("{930C7802-8A8C-48F9-8165-68863BCCD9DD}") = "Installer_Client", "Installer\Installer_Client.wixproj", "{0DDE1A98-3462-47D1-94BD-5AA1FFF38ED1}"
EndProject
Project("{FAE04EC0-301F-11D3-BF4B-00C04F79EFBC}") = "LabRulesServer", "..\LabRulesServer\LabRulesServer\LabRulesServer.csproj", "{DBC5637E-7C43-4FB5-8E61-E97191E0DA29}"
EndProject
Project("{FAE04EC0-301F-11D3-BF4B-00C04F79EFBC}") = "SmallClient", "SmallClient\SmallClient.csproj", "{6C5A1624-807F-40D8-8A3E-0D6129D6A5E2}"
EndProject
Project("{FAE04EC0-301F-11D3-BF4B-00C04F79EFBC}") = "SharedClasses", "SharedClasses\SharedClasses.csproj", "{489AC36B-24E4-49FF-ACFE-EC5E67404039}"
EndProject
Global
	GlobalSection(SolutionConfigurationPlatforms) = preSolution
		Debug|Any CPU = Debug|Any CPU
		Debug|Mixed Platforms = Debug|Mixed Platforms
		Debug|x86 = Debug|x86
		Release|Any CPU = Release|Any CPU
		Release|Mixed Platforms = Release|Mixed Platforms
		Release|x86 = Release|x86
	EndGlobalSection
	GlobalSection(ProjectConfigurationPlatforms) = postSolution
		{FE5BD001-7551-41A8-9995-15F4F2A57F82}.Debug|Any CPU.ActiveCfg = Debug|Any CPU
		{FE5BD001-7551-41A8-9995-15F4F2A57F82}.Debug|Any CPU.Build.0 = Debug|Any CPU
		{FE5BD001-7551-41A8-9995-15F4F2A57F82}.Debug|Mixed Platforms.ActiveCfg = Debug|Any CPU
		{FE5BD001-7551-41A8-9995-15F4F2A57F82}.Debug|Mixed Platforms.Build.0 = Debug|Any CPU
		{FE5BD001-7551-41A8-9995-15F4F2A57F82}.Debug|x86.ActiveCfg = Debug|Any CPU
		{FE5BD001-7551-41A8-9995-15F4F2A57F82}.Release|Any CPU.ActiveCfg = Release|Any CPU
		{FE5BD001-7551-41A8-9995-15F4F2A57F82}.Release|Any CPU.Build.0 = Release|Any CPU
		{FE5BD001-7551-41A8-9995-15F4F2A57F82}.Release|Mixed Platforms.ActiveCfg = Release|Any CPU
		{FE5BD001-7551-41A8-9995-15F4F2A57F82}.Release|Mixed Platforms.Build.0 = Release|Any CPU
		{FE5BD001-7551-41A8-9995-15F4F2A57F82}.Release|x86.ActiveCfg = Release|Any CPU
		{0DDE1A98-3462-47D1-94BD-5AA1FFF38ED1}.Debug|Any CPU.ActiveCfg = Debug|x86
		{0DDE1A98-3462-47D1-94BD-5AA1FFF38ED1}.Debug|Mixed Platforms.ActiveCfg = Debug|x86
		{0DDE1A98-3462-47D1-94BD-5AA1FFF38ED1}.Debug|Mixed Platforms.Build.0 = Debug|x86
		{0DDE1A98-3462-47D1-94BD-5AA1FFF38ED1}.Debug|x86.ActiveCfg = Debug|x86
		{0DDE1A98-3462-47D1-94BD-5AA1FFF38ED1}.Debug|x86.Build.0 = Debug|x86
		{0DDE1A98-3462-47D1-94BD-5AA1FFF38ED1}.Release|Any CPU.ActiveCfg = Release|x86
		{0DDE1A98-3462-47D1-94BD-5AA1FFF38ED1}.Release|Mixed Platforms.ActiveCfg = Release|x86
		{0DDE1A98-3462-47D1-94BD-5AA1FFF38ED1}.Release|Mixed Platforms.Build.0 = Release|x86
		{0DDE1A98-3462-47D1-94BD-5AA1FFF38ED1}.Release|x86.ActiveCfg = Release|x86
		{0DDE1A98-3462-47D1-94BD-5AA1FFF38ED1}.Release|x86.Build.0 = Release|x86
		{DBC5637E-7C43-4FB5-8E61-E97191E0DA29}.Debug|Any CPU.ActiveCfg = Debug|Any CPU
		{DBC5637E-7C43-4FB5-8E61-E97191E0DA29}.Debug|Any CPU.Build.0 = Debug|Any CPU
		{DBC5637E-7C43-4FB5-8E61-E97191E0DA29}.Debug|Mixed Platforms.ActiveCfg = Debug|Any CPU
		{DBC5637E-7C43-4FB5-8E61-E97191E0DA29}.Debug|Mixed Platforms.Build.0 = Debug|Any CPU
		{DBC5637E-7C43-4FB5-8E61-E97191E0DA29}.Debug|x86.ActiveCfg = Debug|Any CPU
		{DBC5637E-7C43-4FB5-8E61-E97191E0DA29}.Release|Any CPU.ActiveCfg = Release|Any CPU
		{DBC5637E-7C43-4FB5-8E61-E97191E0DA29}.Release|Any CPU.Build.0 = Release|Any CPU
		{DBC5637E-7C43-4FB5-8E61-E97191E0DA29}.Release|Mixed Platforms.ActiveCfg = Release|Any CPU
		{DBC5637E-7C43-4FB5-8E61-E97191E0DA29}.Release|Mixed Platforms.Build.0 = Release|Any CPU
		{DBC5637E-7C43-4FB5-8E61-E97191E0DA29}.Release|x86.ActiveCfg = Release|Any CPU
		{6C5A1624-807F-40D8-8A3E-0D6129D6A5E2}.Debug|Any CPU.ActiveCfg = Debug|Any CPU
		{6C5A1624-807F-40D8-8A3E-0D6129D6A5E2}.Debug|Any CPU.Build.0 = Debug|Any CPU
		{6C5A1624-807F-40D8-8A3E-0D6129D6A5E2}.Debug|Mixed Platforms.ActiveCfg = Debug|Any CPU
		{6C5A1624-807F-40D8-8A3E-0D6129D6A5E2}.Debug|Mixed Platforms.Build.0 = Debug|Any CPU
		{6C5A1624-807F-40D8-8A3E-0D6129D6A5E2}.Debug|x86.ActiveCfg = Debug|Any CPU
		{6C5A1624-807F-40D8-8A3E-0D6129D6A5E2}.Release|Any CPU.ActiveCfg = Release|Any CPU
		{6C5A1624-807F-40D8-8A3E-0D6129D6A5E2}.Release|Any CPU.Build.0 = Release|Any CPU
		{6C5A1624-807F-40D8-8A3E-0D6129D6A5E2}.Release|Mixed Platforms.ActiveCfg = Release|Any CPU
		{6C5A1624-807F-40D8-8A3E-0D6129D6A5E2}.Release|Mixed Platforms.Build.0 = Release|Any CPU
		{6C5A1624-807F-40D8-8A3E-0D6129D6A5E2}.Release|x86.ActiveCfg = Release|Any CPU
		{489AC36B-24E4-49FF-ACFE-EC5E67404039}.Debug|Any CPU.ActiveCfg = Debug|Any CPU
		{489AC36B-24E4-49FF-ACFE-EC5E67404039}.Debug|Any CPU.Build.0 = Debug|Any CPU
		{489AC36B-24E4-49FF-ACFE-EC5E67404039}.Debug|Mixed Platforms.ActiveCfg = Debug|Any CPU
		{489AC36B-24E4-49FF-ACFE-EC5E67404039}.Debug|Mixed Platforms.Build.0 = Debug|Any CPU
		{489AC36B-24E4-49FF-ACFE-EC5E67404039}.Debug|x86.ActiveCfg = Debug|Any CPU
		{489AC36B-24E4-49FF-ACFE-EC5E67404039}.Release|Any CPU.ActiveCfg = Release|Any CPU
		{489AC36B-24E4-49FF-ACFE-EC5E67404039}.Release|Any CPU.Build.0 = Release|Any CPU
		{489AC36B-24E4-49FF-ACFE-EC5E67404039}.Release|Mixed Platforms.ActiveCfg = Release|Any CPU
		{489AC36B-24E4-49FF-ACFE-EC5E67404039}.Release|Mixed Platforms.Build.0 = Release|Any CPU
		{489AC36B-24E4-49FF-ACFE-EC5E67404039}.Release|x86.ActiveCfg = Release|Any CPU
	EndGlobalSection
	GlobalSection(SolutionProperties) = preSolution
		HideSolutionNode = FALSE
	EndGlobalSection
EndGlobal
